Microsoft Visual Studio Solution File, Format Version 12.00
# Visual Studio 15
Project("{9A19103F-16F7-4668-BE54-9A1E7A4F7556}") = "Internship_Application", "Internship-Application\Internship_Application.csproj", "{FFD628D1-5A7C-4D7D-8E7E-C098B283E688}"EndProject
Global
	GlobalSection(SolutionConfigurationPlatforms) = preSolution
		Debug|Any CPU = Debug|Any CPU
		Release|Any CPU = Release|Any CPU
	EndGlobalSection
	GlobalSection(ProjectConfigurationPlatforms) = postSolution
		{FFD628D1-5A7C-4D7D-8E7E-C098B283E688}.Debug|Any CPU.ActiveCfg = Debug|Any CPU
		{FFD628D1-5A7C-4D7D-8E7E-C098B283E688}.Debug|Any CPU.Build.0 = Debug|Any CPU
		{FFD628D1-5A7C-4D7D-8E7E-C098B283E688}.Release|Any CPU.ActiveCfg = Release|Any CPU
		{FFD628D1-5A7C-4D7D-8E7E-C098B283E688}.Release|Any CPU.Build.0 = Release|Any CPU
	EndGlobalSection
EndGlobal
